
Microsoft Visual Studio Solution File, Format Version 12.00
Project("{FAE04EC0-301F-11D3-BF4B-00C04F79EFBC}") = "Sha1SampleCode", "Sha1SampleCode\Sha1SampleCode.csproj", "{B919696E-950E-4FEE-9949-27DA62C08AEB}"
EndProject
Global
	GlobalSection(SolutionConfigurationPlatforms) = preSolution
		Debug|Any CPU = Debug|Any CPU
		Release|Any CPU = Release|Any CPU
	EndGlobalSection
	GlobalSection(ProjectConfigurationPlatforms) = postSolution
		{B919696E-950E-4FEE-9949-27DA62C08AEB}.Debug|Any CPU.ActiveCfg = Debug|Any CPU
		{B919696E-950E-4FEE-9949-27DA62C08AEB}.Debug|Any CPU.Build.0 = Debug|Any CPU
		{B919696E-950E-4FEE-9949-27DA62C08AEB}.Release|Any CPU.ActiveCfg = Release|Any CPU
		{B919696E-950E-4FEE-9949-27DA62C08AEB}.Release|Any CPU.Build.0 = Release|Any CPU
	EndGlobalSection
EndGlobal
